
Microsoft Visual Studio Solution File, Format Version 12.00
# Visual Studio Version 16
VisualStudioVersion = 16.0.28729.10
MinimumVisualStudioVersion = 10.0.40219.1
Project("{9A19103F-16F7-4668-BE54-9A1E7A4F7556}") = "MyCoreProject", "MyCoreProject.csproj", "{DFDAA92F-6A97-4B4C-9521-8292DE749558}"
EndProject
Global
	GlobalSection(SolutionConfigurationPlatforms) = preSolution
		Debug|Any CPU = Debug|Any CPU
		Release|Any CPU = Release|Any CPU
	EndGlobalSection
	GlobalSection(ProjectConfigurationPlatforms) = postSolution
		{DFDAA92F-6A97-4B4C-9521-8292DE749558}.Debug|Any CPU.ActiveCfg = Debug|Any CPU
		{DFDAA92F-6A97-4B4C-9521-8292DE749558}.Debug|Any CPU.Build.0 = Debug|Any CPU
		{DFDAA92F-6A97-4B4C-9521-8292DE749558}.Release|Any CPU.ActiveCfg = Release|Any CPU
		{DFDAA92F-6A97-4B4C-9521-8292DE749558}.Release|Any CPU.Build.0 = Release|Any CPU
	EndGlobalSection
	GlobalSection(SolutionProperties) = preSolution
		HideSolutionNode = FALSE
	EndGlobalSection
	GlobalSection(ExtensibilityGlobals) = postSolution
		SolutionGuid = {A7D64A87-1A14-4D75-A6E7-C5F544896F17}
	EndGlobalSection
EndGlobal
